
Microsoft Visual Studio Solution File, Format Version 12.00
# Visual Studio 2013
VisualStudioVersion = 12.0.31101.0
MinimumVisualStudioVersion = 10.0.40219.1
Project("{2150E333-8FDC-42A3-9474-1A3956D46DE8}") = ".nuget", ".nuget", "{30E64987-70DB-4D7E-9D91-FEF9BBDE5718}"
	ProjectSection(SolutionItems) = preProject
		.nuget\NuGet.Config = .nuget\NuGet.Config
		.nuget\NuGet.exe = .nuget\NuGet.exe
		.nuget\NuGet.targets = .nuget\NuGet.targets
	EndProjectSection
EndProject
Project("{FAE04EC0-301F-11D3-BF4B-00C04F79EFBC}") = "Module_Organization", "Module_Organization\Module_Organization.csproj", "{32EE18B8-3B11-49EC-9854-0204A62495E2}"
EndProject
Project("{FAE04EC0-301F-11D3-BF4B-00C04F79EFBC}") = "Module_Trust", "Module_Trust\Module_Trust.csproj", "{AB8B448C-DD74-4D60-A041-3E5D03A32180}"
EndProject
Project("{FAE04EC0-301F-11D3-BF4B-00C04F79EFBC}") = "SCClientApp", "SCClientApp\SCClientApp.csproj", "{604A9485-00BA-44F0-A7D7-A5DA761B75BD}"
EndProject
Project("{FAE04EC0-301F-11D3-BF4B-00C04F79EFBC}") = "SCClientApp.SetupDialogue", "SCClientApp.SetupDialogue\SCClientApp.SetupDialogue.csproj", "{EAD62ED7-9390-4C5F-AE1F-BAC34142015A}"
EndProject
Project("{54435603-DBB4-11D2-8724-00A0C9A8B90C}") = "SCClientApp.Setup", "SCClientApp.Setup\SCClientApp.Setup.vdproj", "{00FD6152-D81E-4D7F-8A0A-799B2F667C20}"
EndProject
Project("{FAE04EC0-301F-11D3-BF4B-00C04F79EFBC}") = "SCClientApp.Common", "SCClientApp.Common\SCClientApp.Common.csproj", "{25ADAF81-37D9-4BDF-9B8C-ABB4F35939A9}"
EndProject
Project("{FAE04EC0-301F-11D3-BF4B-00C04F79EFBC}") = "SC.ViewModels", "SC.ViewModels\SC.ViewModels.csproj", "{4286D0CB-7F98-46BE-9D0D-810729C3A644}"
EndProject
Global
	GlobalSection(SolutionConfigurationPlatforms) = preSolution
		Debug|Any CPU = Debug|Any CPU
		Release|Any CPU = Release|Any CPU
	EndGlobalSection
	GlobalSection(ProjectConfigurationPlatforms) = postSolution
		{32EE18B8-3B11-49EC-9854-0204A62495E2}.Debug|Any CPU.ActiveCfg = Debug|Any CPU
		{32EE18B8-3B11-49EC-9854-0204A62495E2}.Debug|Any CPU.Build.0 = Debug|Any CPU
		{32EE18B8-3B11-49EC-9854-0204A62495E2}.Release|Any CPU.ActiveCfg = Release|Any CPU
		{32EE18B8-3B11-49EC-9854-0204A62495E2}.Release|Any CPU.Build.0 = Release|Any CPU
		{AB8B448C-DD74-4D60-A041-3E5D03A32180}.Debug|Any CPU.ActiveCfg = Debug|Any CPU
		{AB8B448C-DD74-4D60-A041-3E5D03A32180}.Debug|Any CPU.Build.0 = Debug|Any CPU
		{AB8B448C-DD74-4D60-A041-3E5D03A32180}.Release|Any CPU.ActiveCfg = Release|Any CPU
		{AB8B448C-DD74-4D60-A041-3E5D03A32180}.Release|Any CPU.Build.0 = Release|Any CPU
		{604A9485-00BA-44F0-A7D7-A5DA761B75BD}.Debug|Any CPU.ActiveCfg = Debug|Any CPU
		{604A9485-00BA-44F0-A7D7-A5DA761B75BD}.Debug|Any CPU.Build.0 = Debug|Any CPU
		{604A9485-00BA-44F0-A7D7-A5DA761B75BD}.Release|Any CPU.ActiveCfg = Release|Any CPU
		{604A9485-00BA-44F0-A7D7-A5DA761B75BD}.Release|Any CPU.Build.0 = Release|Any CPU
		{EAD62ED7-9390-4C5F-AE1F-BAC34142015A}.Debug|Any CPU.ActiveCfg = Debug|Any CPU
		{EAD62ED7-9390-4C5F-AE1F-BAC34142015A}.Debug|Any CPU.Build.0 = Debug|Any CPU
		{EAD62ED7-9390-4C5F-AE1F-BAC34142015A}.Release|Any CPU.ActiveCfg = Release|Any CPU
		{EAD62ED7-9390-4C5F-AE1F-BAC34142015A}.Release|Any CPU.Build.0 = Release|Any CPU
		{00FD6152-D81E-4D7F-8A0A-799B2F667C20}.Debug|Any CPU.ActiveCfg = Debug
		{00FD6152-D81E-4D7F-8A0A-799B2F667C20}.Debug|Any CPU.Build.0 = Debug
		{00FD6152-D81E-4D7F-8A0A-799B2F667C20}.Release|Any CPU.ActiveCfg = Release
		{00FD6152-D81E-4D7F-8A0A-799B2F667C20}.Release|Any CPU.Build.0 = Release
		{25ADAF81-37D9-4BDF-9B8C-ABB4F35939A9}.Debug|Any CPU.ActiveCfg = Debug|Any CPU
		{25ADAF81-37D9-4BDF-9B8C-ABB4F35939A9}.Debug|Any CPU.Build.0 = Debug|Any CPU
		{25ADAF81-37D9-4BDF-9B8C-ABB4F35939A9}.Release|Any CPU.ActiveCfg = Release|Any CPU
		{25ADAF81-37D9-4BDF-9B8C-ABB4F35939A9}.Release|Any CPU.Build.0 = Release|Any CPU
		{4286D0CB-7F98-46BE-9D0D-810729C3A644}.Debug|Any CPU.ActiveCfg = Debug|Any CPU
		{4286D0CB-7F98-46BE-9D0D-810729C3A644}.Debug|Any CPU.Build.0 = Debug|Any CPU
		{4286D0CB-7F98-46BE-9D0D-810729C3A644}.Release|Any CPU.ActiveCfg = Release|Any CPU
		{4286D0CB-7F98-46BE-9D0D-810729C3A644}.Release|Any CPU.Build.0 = Release|Any CPU
	EndGlobalSection
	GlobalSection(SolutionProperties) = preSolution
		HideSolutionNode = FALSE
	EndGlobalSection
EndGlobal
